
Microsoft Visual Studio Solution File, Format Version 12.00
# Visual Studio Version 17
VisualStudioVersion = 17.8.34330.188
MinimumVisualStudioVersion = 10.0.40219.1
Project("{778DAE3C-4631-46EA-AA77-85C1314464D9}") = "PriorityCoding", "PriorityCoding\PriorityCoding.vbproj", "{D0CE0BF1-EABB-4D0C-A691-9FE4DD9293F6}"
EndProject
Project("{54435603-DBB4-11D2-8724-00A0C9A8B90C}") = "RPAbyPriorityCoding", "RPAbyPriorityCoding\RPAbyPriorityCoding.vdproj", "{895478A1-8235-4A76-BA82-F0E945D712E9}"
EndProject
Global
	GlobalSection(SolutionConfigurationPlatforms) = preSolution
		Debug|Any CPU = Debug|Any CPU
		Release|Any CPU = Release|Any CPU
	EndGlobalSection
	GlobalSection(ProjectConfigurationPlatforms) = postSolution
		{D0CE0BF1-EABB-4D0C-A691-9FE4DD9293F6}.Debug|Any CPU.ActiveCfg = Debug|Any CPU
		{D0CE0BF1-EABB-4D0C-A691-9FE4DD9293F6}.Debug|Any CPU.Build.0 = Debug|Any CPU
		{D0CE0BF1-EABB-4D0C-A691-9FE4DD9293F6}.Release|Any CPU.ActiveCfg = Release|Any CPU
		{D0CE0BF1-EABB-4D0C-A691-9FE4DD9293F6}.Release|Any CPU.Build.0 = Release|Any CPU
		{895478A1-8235-4A76-BA82-F0E945D712E9}.Debug|Any CPU.ActiveCfg = Debug
		{895478A1-8235-4A76-BA82-F0E945D712E9}.Release|Any CPU.ActiveCfg = Release
	EndGlobalSection
	GlobalSection(SolutionProperties) = preSolution
		HideSolutionNode = FALSE
	EndGlobalSection
	GlobalSection(ExtensibilityGlobals) = postSolution
		SolutionGuid = {ABBFD0C0-D248-41D6-B6F5-D980B8DE5536}
	EndGlobalSection
EndGlobal
