
Microsoft Visual Studio Solution File, Format Version 12.00
# Visual Studio Version 17
VisualStudioVersion = 17.8.34330.188
MinimumVisualStudioVersion = 10.0.40219.1
Project("{F184B08F-C81C-45F6-A57F-5ABD9991F28F}") = "PriorityCoding", "PriorityCoding\PriorityCoding.vbproj", "{D0CE0BF1-EABB-4D0C-A691-9FE4DD9293F6}"
EndProject
Global
	GlobalSection(SolutionConfigurationPlatforms) = preSolution
		Debug|Any CPU = Debug|Any CPU
		Release|Any CPU = Release|Any CPU
	EndGlobalSection
	GlobalSection(ProjectConfigurationPlatforms) = postSolution
		{D0CE0BF1-EABB-4D0C-A691-9FE4DD9293F6}.Debug|Any CPU.ActiveCfg = Debug|Any CPU
		{D0CE0BF1-EABB-4D0C-A691-9FE4DD9293F6}.Debug|Any CPU.Build.0 = Debug|Any CPU
		{D0CE0BF1-EABB-4D0C-A691-9FE4DD9293F6}.Release|Any CPU.ActiveCfg = Release|Any CPU
		{D0CE0BF1-EABB-4D0C-A691-9FE4DD9293F6}.Release|Any CPU.Build.0 = Release|Any CPU
	EndGlobalSection
	GlobalSection(SolutionProperties) = preSolution
		HideSolutionNode = FALSE
	EndGlobalSection
	GlobalSection(ExtensibilityGlobals) = postSolution
		SolutionGuid = {ABBFD0C0-D248-41D6-B6F5-D980B8DE5536}
	EndGlobalSection
EndGlobal
